
Microsoft Visual Studio Solution File, Format Version 11.00
# Visual Studio 2010
Project("{FAE04EC0-301F-11D3-BF4B-00C04F79EFBC}") = "Assembly-CSharp", "Assembly-CSharp.csproj", "{9011275E-6F38-92A5-A7D1-90CD58CAB6E6}"
EndProject
Project("{FAE04EC0-301F-11D3-BF4B-00C04F79EFBC}") = "Assembly-CSharp-Editor", "Assembly-CSharp-Editor.csproj", "{415A1D4A-6119-9311-2A37-8A874FCBC85E}"
EndProject
Global
	GlobalSection(SolutionConfigurationPlatforms) = preSolution
		Debug|Any CPU = Debug|Any CPU
		Release|Any CPU = Release|Any CPU
	EndGlobalSection
	GlobalSection(ProjectConfigurationPlatforms) = postSolution
		{9011275E-6F38-92A5-A7D1-90CD58CAB6E6}.Debug|Any CPU.ActiveCfg = Debug|Any CPU
		{9011275E-6F38-92A5-A7D1-90CD58CAB6E6}.Debug|Any CPU.Build.0 = Debug|Any CPU
		{9011275E-6F38-92A5-A7D1-90CD58CAB6E6}.Release|Any CPU.ActiveCfg = Release|Any CPU
		{9011275E-6F38-92A5-A7D1-90CD58CAB6E6}.Release|Any CPU.Build.0 = Release|Any CPU
		{415A1D4A-6119-9311-2A37-8A874FCBC85E}.Debug|Any CPU.ActiveCfg = Debug|Any CPU
		{415A1D4A-6119-9311-2A37-8A874FCBC85E}.Debug|Any CPU.Build.0 = Debug|Any CPU
		{415A1D4A-6119-9311-2A37-8A874FCBC85E}.Release|Any CPU.ActiveCfg = Release|Any CPU
		{415A1D4A-6119-9311-2A37-8A874FCBC85E}.Release|Any CPU.Build.0 = Release|Any CPU
	EndGlobalSection
	GlobalSection(SolutionProperties) = preSolution
		HideSolutionNode = FALSE
	EndGlobalSection
EndGlobal
